Microsoft Visual Studio Solution File, Format Version 12.00
# Visual Studio 2012
Project("{FAE04EC0-301F-11D3-BF4B-00C04F79EFBA}") = "ControlBinding.Example", "ControlBinding.Example.csproj", "{FE2B3EC2-1CB6-498D-A1A8-CEA8B79D8F2A}"
EndProject
Global
	GlobalSection(SolutionConfigurationPlatforms) = preSolution
	Debug|Any CPU = Debug|Any CPU
	ExportDebug|Any CPU = ExportDebug|Any CPU
	ExportRelease|Any CPU = ExportRelease|Any CPU
	EndGlobalSection
	GlobalSection(ProjectConfigurationPlatforms) = postSolution
		{FE2B3EC2-1CB6-498D-A1A8-CEA8B79D8F2A}.Debug|Any CPU.ActiveCfg = Debug|Any CPU
		{FE2B3EC2-1CB6-498D-A1A8-CEA8B79D8F2A}.Debug|Any CPU.Build.0 = Debug|Any CPU
		{FE2B3EC2-1CB6-498D-A1A8-CEA8B79D8F2A}.ExportDebug|Any CPU.ActiveCfg = ExportDebug|Any CPU
		{FE2B3EC2-1CB6-498D-A1A8-CEA8B79D8F2A}.ExportDebug|Any CPU.Build.0 = ExportDebug|Any CPU
		{FE2B3EC2-1CB6-498D-A1A8-CEA8B79D8F2A}.ExportRelease|Any CPU.ActiveCfg = ExportRelease|Any CPU
		{FE2B3EC2-1CB6-498D-A1A8-CEA8B79D8F2A}.ExportRelease|Any CPU.Build.0 = ExportRelease|Any CPU
	EndGlobalSection
EndGlobal
